
Microsoft Visual Studio Solution File, Format Version 12.00
# Visual Studio Version 17
VisualStudioVersion = 17.12.35514.174 d17.12
MinimumVisualStudioVersion = 10.0.40219.1
Project("{FAE04EC0-301F-11D3-BF4B-00C04F79EFBC}") = "Secao01", "Secao01\Secao01.csproj", "{C5448D52-D8FD-4076-AB4D-C618FB4B5247}"
EndProject
Global
	GlobalSection(SolutionConfigurationPlatforms) = preSolution
		Debug|Any CPU = Debug|Any CPU
		Release|Any CPU = Release|Any CPU
	EndGlobalSection
	GlobalSection(ProjectConfigurationPlatforms) = postSolution
		{C5448D52-D8FD-4076-AB4D-C618FB4B5247}.Debug|Any CPU.ActiveCfg = Debug|Any CPU
		{C5448D52-D8FD-4076-AB4D-C618FB4B5247}.Debug|Any CPU.Build.0 = Debug|Any CPU
		{C5448D52-D8FD-4076-AB4D-C618FB4B5247}.Release|Any CPU.ActiveCfg = Release|Any CPU
		{C5448D52-D8FD-4076-AB4D-C618FB4B5247}.Release|Any CPU.Build.0 = Release|Any CPU
	EndGlobalSection
	GlobalSection(SolutionProperties) = preSolution
		HideSolutionNode = FALSE
	EndGlobalSection
EndGlobal
